// !$*UTF8*$!
{
	archiveVersion = 1;
	classes = {
	};
	objectVersion = 46;
	objects = {

/* Begin PBXBuildFile section */
		140FF1161D8E601800013A3E /* MGBaseKit.framework in Frameworks */ = {isa = PBXBuildFile; fileRef = 140604FC1D8E5EE600D71080 /* MGBaseKit.framework */; };
		140FF1181D8E601D00013A3E /* CoreMedia.framework in Frameworks */ = {isa = PBXBuildFile; fileRef = 142F341D1D7E97DA00A05A5A /* CoreMedia.framework */; };
		140FF1191D8E602100013A3E /* AVFoundation.framework in Frameworks */ = {isa = PBXBuildFile; fileRef = 142F34211D7E97E200A05A5A /* AVFoundation.framework */; };
		1432ED641E24B27500131E39 /* CoreMotion.framework in Frameworks */ = {isa = PBXBuildFile; fileRef = 1432ED631E24B27500131E39 /* CoreMotion.framework */; };
		1433D0D81E275DE200814ADD /* AppDelegate.m in Sources */ = {isa = PBXBuildFile; fileRef = 1433D0D01E275DE200814ADD /* AppDelegate.m */; };
		1433D0D91E275DE200814ADD /* Assets.xcassets in Resources */ = {isa = PBXBuildFile; fileRef = 1433D0D11E275DE200814ADD /* Assets.xcassets */; };
		1433D0DA1E275DE200814ADD /* LaunchScreen.storyboard in Resources */ = {isa = PBXBuildFile; fileRef = 1433D0D21E275DE200814ADD /* LaunchScreen.storyboard */; };
		1433D0DB1E275DE200814ADD /* Main.storyboard in Resources */ = {isa = PBXBuildFile; fileRef = 1433D0D41E275DE200814ADD /* Main.storyboard */; };
		1433D0DD1E275DE200814ADD /* main.m in Sources */ = {isa = PBXBuildFile; fileRef = 1433D0D71E275DE200814ADD /* main.m */; };
		1433D0E31E275E7D00814ADD /* MGFaceLicenseHandle.m in Sources */ = {isa = PBXBuildFile; fileRef = 1433D0E01E275E7D00814ADD /* MGFaceLicenseHandle.m */; };
		146C28E01D7E8EF200124368 /* FacePointColor.glsl in Resources */ = {isa = PBXBuildFile; fileRef = 146C28DC1D7E8EF200124368 /* FacePointColor.glsl */; };
		146C28E11D7E8EF200124368 /* VideoFrag.glsl in Resources */ = {isa = PBXBuildFile; fileRef = 146C28DD1D7E8EF200124368 /* VideoFrag.glsl */; };
		146C28E21D7E8EF200124368 /* VideoVert.glsl in Resources */ = {isa = PBXBuildFile; fileRef = 146C28DE1D7E8EF200124368 /* VideoVert.glsl */; };
		146C28E31D7E8EF200124368 /* FacePointSize.glsl in Resources */ = {isa = PBXBuildFile; fileRef = 146C28DF1D7E8EF200124368 /* FacePointSize.glsl */; };
		1494B9D11D7ED24400E00B70 /* Face3DFragment.glsl in Resources */ = {isa = PBXBuildFile; fileRef = 1494B9CF1D7ED24400E00B70 /* Face3DFragment.glsl */; };
		1494B9D21D7ED24400E00B70 /* Face3DVertex.glsl in Resources */ = {isa = PBXBuildFile; fileRef = 1494B9D01D7ED24400E00B70 /* Face3DVertex.glsl */; };
		14A0AACB1E9F4FEB008B9443 /* Localizable.strings in Resources */ = {isa = PBXBuildFile; fileRef = 14A0AACD1E9F4FEB008B9443 /* Localizable.strings */; };
		14FFF3011E25FB6100A5A7EF /* MainViewController.m in Sources */ = {isa = PBXBuildFile; fileRef = 14FFF3001E25FB6100A5A7EF /* MainViewController.m */; };
		8E89429C1F3C556F00761FBA /* MGDetectPictureVC.m in Sources */ = {isa = PBXBuildFile; fileRef = 8E89429B1F3C556F00761FBA /* MGDetectPictureVC.m */; };
		8E8942C61F3C60E400761FBA /* 1280_720.png in Resources */ = {isa = PBXBuildFile; fileRef = 8E89429E1F3C60E400761FBA /* 1280_720.png */; };
		8E8942C71F3C60E400761FBA /* 1280_720@3x.png in Resources */ = {isa = PBXBuildFile; fileRef = 8E89429F1F3C60E400761FBA /* 1280_720@3x.png */; };
		8E8942C81F3C60E400761FBA /* 1920_1080.png in Resources */ = {isa = PBXBuildFile; fileRef = 8E8942A01F3C60E400761FBA /* 1920_1080.png */; };
		8E8942C91F3C60E400761FBA /* 1920_1080@3x.png in Resources */ = {isa = PBXBuildFile; fileRef = 8E8942A11F3C60E400761FBA /* 1920_1080@3x.png */; };
		8E8942CA1F3C60E400761FBA /* 3D-0.png in Resources */ = {isa = PBXBuildFile; fileRef = 8E8942A21F3C60E400761FBA /* 3D-0.png */; };
		8E8942CB1F3C60E400761FBA /* 3D-1.png in Resources */ = {isa = PBXBuildFile; fileRef = 8E8942A31F3C60E400761FBA /* 3D-1.png */; };
		8E8942CC1F3C60E400761FBA /* 640_480.png in Resources */ = {isa = PBXBuildFile; fileRef = 8E8942A41F3C60E400761FBA /* 640_480.png */; };
		8E8942CD1F3C60E400761FBA /* 640_480@3x.png in Resources */ = {isa = PBXBuildFile; fileRef = 8E8942A51F3C60E400761FBA /* 640_480@3x.png */; };
		8E8942CE1F3C60E400761FBA /* 81-0.png in Resources */ = {isa = PBXBuildFile; fileRef = 8E8942A61F3C60E400761FBA /* 81-0.png */; };
		8E8942CF1F3C60E400761FBA /* 81-1.png in Resources */ = {isa = PBXBuildFile; fileRef = 8E8942A71F3C60E400761FBA /* 81-1.png */; };
		8E8942D01F3C60E400761FBA /* 960_540.png in Resources */ = {isa = PBXBuildFile; fileRef = 8E8942A81F3C60E400761FBA /* 960_540.png */; };
		8E8942D11F3C60E400761FBA /* 960_540@3x.png in Resources */ = {isa = PBXBuildFile; fileRef = 8E8942A91F3C60E400761FBA /* 960_540@3x.png */; };
		8E8942D21F3C60E400761FBA /* area-0.png in Resources */ = {isa = PBXBuildFile; fileRef = 8E8942AA1F3C60E400761FBA /* area-0.png */; };
		8E8942D31F3C60E400761FBA /* area-1.png in Resources */ = {isa = PBXBuildFile; fileRef = 8E8942AB1F3C60E400761FBA /* area-1.png */; };
		8E8942D41F3C60E400761FBA /* card_front.png in Resources */ = {isa = PBXBuildFile; fileRef = 8E8942AC1F3C60E400761FBA /* card_front.png */; };
		8E8942D51F3C60E400761FBA /* faceCompare-0.png in Resources */ = {isa = PBXBuildFile; fileRef = 8E8942AE1F3C60E400761FBA /* faceCompare-0.png */; };
		8E8942D61F3C60E400761FBA /* faceCompare-1.png in Resources */ = {isa = PBXBuildFile; fileRef = 8E8942AF1F3C60E400761FBA /* faceCompare-1.png */; };
		8E8942D71F3C60E400761FBA /* regist.png in Resources */ = {isa = PBXBuildFile; fileRef = 8E8942B01F3C60E400761FBA /* regist.png */; };
		8E8942D81F3C60E400761FBA /* selected.png in Resources */ = {isa = PBXBuildFile; fileRef = 8E8942B11F3C60E400761FBA /* selected.png */; };
		8E8942D91F3C60E400761FBA /* unSelected.png in Resources */ = {isa = PBXBuildFile; fileRef = 8E8942B21F3C60E400761FBA /* unSelected.png */; };
		8E8942DA1F3C60E400761FBA /* user.png in Resources */ = {isa = PBXBuildFile; fileRef = 8E8942B31F3C60E400761FBA /* user.png */; };
		8E8942DB1F3C60E400761FBA /* debug-0.png in Resources */ = {isa = PBXBuildFile; fileRef = 8E8942B41F3C60E400761FBA /* debug-0.png */; };
		8E8942DC1F3C60E400761FBA /* debug-1.png in Resources */ = {isa = PBXBuildFile; fileRef = 8E8942B51F3C60E400761FBA /* debug-1.png */; };
		8E8942DD1F3C60E400761FBA /* faceinfo-0.png in Resources */ = {isa = PBXBuildFile; fileRef = 8E8942B61F3C60E400761FBA /* faceinfo-0.png */; };
		8E8942DE1F3C60E400761FBA /* faceinfo-1.png in Resources */ = {isa = PBXBuildFile; fileRef = 8E8942B71F3C60E400761FBA /* faceinfo-1.png */; };
		8E8942DF1F3C60E400761FBA /* faceLogo.png in Resources */ = {isa = PBXBuildFile; fileRef = 8E8942B81F3C60E400761FBA /* faceLogo.png */; };
		8E8942E01F3C60E400761FBA /* IMG_2393.JPG in Resources */ = {isa = PBXBuildFile; fileRef = 8E8942B91F3C60E400761FBA /* IMG_2393.JPG */; };
		8E8942E11F3C60E400761FBA /* megviicloud logo.png in Resources */ = {isa = PBXBuildFile; fileRef = 8E8942BA1F3C60E400761FBA /* megviicloud logo.png */; };
		8E8942E21F3C60E400761FBA /* pw.png in Resources */ = {isa = PBXBuildFile; fileRef = 8E8942BB1F3C60E400761FBA /* pw.png */; };
		8E8942E31F3C60E400761FBA /* record-0.png in Resources */ = {isa = PBXBuildFile; fileRef = 8E8942BC1F3C60E400761FBA /* record-0.png */; };
		8E8942E41F3C60E400761FBA /* record-1.png in Resources */ = {isa = PBXBuildFile; fileRef = 8E8942BD1F3C60E400761FBA /* record-1.png */; };
		8E8942E51F3C60E400761FBA /* screen-0.png in Resources */ = {isa = PBXBuildFile; fileRef = 8E8942BE1F3C60E400761FBA /* screen-0.png */; };
		8E8942E61F3C60E400761FBA /* screen-1.png in Resources */ = {isa = PBXBuildFile; fileRef = 8E8942BF1F3C60E400761FBA /* screen-1.png */; };
		8E8942E71F3C60E400761FBA /* shader-0.png in Resources */ = {isa = PBXBuildFile; fileRef = 8E8942C01F3C60E400761FBA /* shader-0.png */; };
		8E8942E81F3C60E400761FBA /* shader-1.png in Resources */ = {isa = PBXBuildFile; fileRef = 8E8942C11F3C60E400761FBA /* shader-1.png */; };
		8E8942E91F3C60E400761FBA /* side-0.png in Resources */ = {isa = PBXBuildFile; fileRef = 8E8942C21F3C60E400761FBA /* side-0.png */; };
		8E8942EA1F3C60E400761FBA /* side-1.png in Resources */ = {isa = PBXBuildFile; fileRef = 8E8942C31F3C60E400761FBA /* side-1.png */; };
		8E8942EB1F3C60E400761FBA /* textrec-0.png in Resources */ = {isa = PBXBuildFile; fileRef = 8E8942C41F3C60E400761FBA /* textrec-0.png */; };
		8E8942EC1F3C60E400761FBA /* textrec-1.png in Resources */ = {isa = PBXBuildFile; fileRef = 8E8942C51F3C60E400761FBA /* textrec-1.png */; };
		8E8942F91F3C612900761FBA /* 81_points_position.jpg in Resources */ = {isa = PBXBuildFile; fileRef = 8E8942EE1F3C612900761FBA /* 81_points_position.jpg */; };
		8E8942FA1F3C612900761FBA /* background.png in Resources */ = {isa = PBXBuildFile; fileRef = 8E8942EF1F3C612900761FBA /* background.png */; };
		8E8943021F3C612900761FBA /* skin.png in Resources */ = {isa = PBXBuildFile; fileRef = 8E8942F71F3C612900761FBA /* skin.png */; };
		8E8943031F3C612900761FBA /* standard_alpha.png in Resources */ = {isa = PBXBuildFile; fileRef = 8E8942F81F3C612900761FBA /* standard_alpha.png */; };
		8E8943341F3C639700761FBA /* BaseCell.m in Sources */ = {isa = PBXBuildFile; fileRef = 8E8943071F3C639700761FBA /* BaseCell.m */; };
		8E8943351F3C639700761FBA /* BaseCell.xib in Resources */ = {isa = PBXBuildFile; fileRef = 8E8943081F3C639700761FBA /* BaseCell.xib */; };
		8E8943361F3C639700761FBA /* BaseCollectionCell.m in Sources */ = {isa = PBXBuildFile; fileRef = 8E89430A1F3C639700761FBA /* BaseCollectionCell.m */; };
		8E8943371F3C639700761FBA /* MCSetCell.m in Sources */ = {isa = PBXBuildFile; fileRef = 8E89430C1F3C639700761FBA /* MCSetCell.m */; };
		8E8943381F3C639700761FBA /* MCSetCell.xib in Resources */ = {isa = PBXBuildFile; fileRef = 8E89430D1F3C639700761FBA /* MCSetCell.xib */; };
		8E8943391F3C639700761FBA /* MGFaceCompareCell.m in Sources */ = {isa = PBXBuildFile; fileRef = 8E89430F1F3C639700761FBA /* MGFaceCompareCell.m */; };
		8E89433A1F3C639800761FBA /* TextCell.m in Sources */ = {isa = PBXBuildFile; fileRef = 8E8943111F3C639700761FBA /* TextCell.m */; };
		8E89433B1F3C639800761FBA /* TextCell.xib in Resources */ = {isa = PBXBuildFile; fileRef = 8E8943121F3C639700761FBA /* TextCell.xib */; };
		8E89433C1F3C639800761FBA /* BaseModel.m in Sources */ = {isa = PBXBuildFile; fileRef = 8E8943151F3C639700761FBA /* BaseModel.m */; };
		8E89433D1F3C639800761FBA /* MCSetModel.m in Sources */ = {isa = PBXBuildFile; fileRef = 8E8943171F3C639700761FBA /* MCSetModel.m */; };
		8E89433E1F3C639800761FBA /* MGFaceCompareModel.m in Sources */ = {isa = PBXBuildFile; fileRef = 8E8943191F3C639700761FBA /* MGFaceCompareModel.m */; };
		8E89433F1F3C639800761FBA /* MGFaceModelArray.m in Sources */ = {isa = PBXBuildFile; fileRef = 8E89431B1F3C639700761FBA /* MGFaceModelArray.m */; };
		8E8943401F3C639800761FBA /* TextModel.m in Sources */ = {isa = PBXBuildFile; fileRef = 8E89431D1F3C639700761FBA /* TextModel.m */; };
		8E8943411F3C639800761FBA /* MGVideoViewController.mm in Sources */ = {isa = PBXBuildFile; fileRef = 8E8943201F3C639700761FBA /* MGVideoViewController.mm */; };
		8E8943421F3C639800761FBA /* MGFaceListViewController.m in Sources */ = {isa = PBXBuildFile; fileRef = 8E8943221F3C639700761FBA /* MGFaceListViewController.m */; };
		8E8943431F3C639800761FBA /* MGFaceListViewController.storyboard in Resources */ = {isa = PBXBuildFile; fileRef = 8E8943231F3C639700761FBA /* MGFaceListViewController.storyboard */; };
		8E8943441F3C639800761FBA /* MGMarkSetViewController.m in Sources */ = {isa = PBXBuildFile; fileRef = 8E8943251F3C639700761FBA /* MGMarkSetViewController.m */; };
		8E8943451F3C639800761FBA /* MGFileManager.m in Sources */ = {isa = PBXBuildFile; fileRef = 8E8943281F3C639700761FBA /* MGFileManager.m */; };
		8E8943461F3C639800761FBA /* GLESUtils.m in Sources */ = {isa = PBXBuildFile; fileRef = 8E89432D1F3C639700761FBA /* GLESUtils.m */; };
		8E8943471F3C639800761FBA /* MGOpenGLRenderer.m in Sources */ = {isa = PBXBuildFile; fileRef = 8E8943311F3C639700761FBA /* MGOpenGLRenderer.m */; };
		8E8943481F3C639800761FBA /* MGOpenGLView.m in Sources */ = {isa = PBXBuildFile; fileRef = 8E8943331F3C639700761FBA /* MGOpenGLView.m */; };
		8E95F10C1F17569A00689094 /* libMGFacepp-0.5.0.a in Frameworks */ = {isa = PBXBuildFile; fileRef = 8E95F10A1F17569A00689094 /* libMGFacepp-0.5.0.a */; };
		8E95F10D1F17569A00689094 /* megviifacepp_0_5_0_model in Resources */ = {isa = PBXBuildFile; fileRef = 8E95F10B1F17569A00689094 /* megviifacepp_0_5_0_model */; };
/* End PBXBuildFile section */

/* Begin PBXFileReference section */
		140604FC1D8E5EE600D71080 /* MGBaseKit.framework */ = {isa = PBXFileReference; lastKnownFileType = wrapper.framework; name = MGBaseKit.framework; path = "../../../Library/Developer/Xcode/DerivedData/V2SDKDemo-epjzkrsxflxuxtfbehqbuzoevuka/Build/Products/Debug-iphoneos/MGBaseKit.framework"; sourceTree = "<group>"; };
		141999651D7D68270029032F /* FaceppDemo.app */ = {isa = PBXFileReference; explicitFileType = wrapper.application; includeInIndex = 0; path = FaceppDemo.app; sourceTree = BUILT_PRODUCTS_DIR; };
		142F341D1D7E97DA00A05A5A /* CoreMedia.framework */ = {isa = PBXFileReference; lastKnownFileType = wrapper.framework; name = CoreMedia.framework; path = System/Library/Frameworks/CoreMedia.framework; sourceTree = SDKROOT; };
		142F341F1D7E97DE00A05A5A /* OpenGLES.framework */ = {isa = PBXFileReference; lastKnownFileType = wrapper.framework; name = OpenGLES.framework; path = System/Library/Frameworks/OpenGLES.framework; sourceTree = SDKROOT; };
		142F34211D7E97E200A05A5A /* AVFoundation.framework */ = {isa = PBXFileReference; lastKnownFileType = wrapper.framework; name = AVFoundation.framework; path = System/Library/Frameworks/AVFoundation.framework; sourceTree = SDKROOT; };
		142F34231D7E97E800A05A5A /* CoreVideo.framework */ = {isa = PBXFileReference; lastKnownFileType = wrapper.framework; name = CoreVideo.framework; path = System/Library/Frameworks/CoreVideo.framework; sourceTree = SDKROOT; };
		1432ED631E24B27500131E39 /* CoreMotion.framework */ = {isa = PBXFileReference; lastKnownFileType = wrapper.framework; name = CoreMotion.framework; path = System/Library/Frameworks/CoreMotion.framework; sourceTree = SDKROOT; };
		1433D0CF1E275DE200814ADD /* AppDelegate.h */ = {isa = PBXFileReference; fileEncoding = 4; lastKnownFileType = sourcecode.c.h; path = AppDelegate.h; sourceTree = "<group>"; };
		1433D0D01E275DE200814ADD /* AppDelegate.m */ = {isa = PBXFileReference; fileEncoding = 4; lastKnownFileType = sourcecode.c.objc; path = AppDelegate.m; sourceTree = "<group>"; };
		1433D0D11E275DE200814ADD /* Assets.xcassets */ = {isa = PBXFileReference; lastKnownFileType = folder.assetcatalog; path = Assets.xcassets; sourceTree = "<group>"; };
		1433D0D31E275DE200814ADD /* Base */ = {isa = PBXFileReference; lastKnownFileType = file.storyboard; name = Base; path = Base.lproj/LaunchScreen.storyboard; sourceTree = "<group>"; };
		1433D0D51E275DE200814ADD /* Base */ = {isa = PBXFileReference; lastKnownFileType = file.storyboard; name = Base; path = Base.lproj/Main.storyboard; sourceTree = "<group>"; };
		1433D0D61E275DE200814ADD /* Info.plist */ = {isa = PBXFileReference; fileEncoding = 4; lastKnownFileType = text.plist.xml; path = Info.plist; sourceTree = "<group>"; };
		1433D0D71E275DE200814ADD /* main.m */ = {isa = PBXFileReference; fileEncoding = 4; lastKnownFileType = sourcecode.c.objc; path = main.m; sourceTree = "<group>"; };
		1433D0DF1E275E7D00814ADD /* MGFaceLicenseHandle.h */ = {isa = PBXFileReference; fileEncoding = 4; lastKnownFileType = sourcecode.c.h; path = MGFaceLicenseHandle.h; sourceTree = "<group>"; };
		1433D0E01E275E7D00814ADD /* MGFaceLicenseHandle.m */ = {isa = PBXFileReference; fileEncoding = 4; lastKnownFileType = sourcecode.c.objc; path = MGFaceLicenseHandle.m; sourceTree = "<group>"; };
		1433D0E21E275E7D00814ADD /* MGNetAccount.h */ = {isa = PBXFileReference; fileEncoding = 4; lastKnownFileType = sourcecode.c.h; path = MGNetAccount.h; sourceTree = "<group>"; };
		146C28DC1D7E8EF200124368 /* FacePointColor.glsl */ = {isa = PBXFileReference; fileEncoding = 4; lastKnownFileType = text; path = FacePointColor.glsl; sourceTree = "<group>"; };
		146C28DD1D7E8EF200124368 /* VideoFrag.glsl */ = {isa = PBXFileReference; fileEncoding = 4; lastKnownFileType = text; path = VideoFrag.glsl; sourceTree = "<group>"; };
		146C28DE1D7E8EF200124368 /* VideoVert.glsl */ = {isa = PBXFileReference; fileEncoding = 4; lastKnownFileType = text; path = VideoVert.glsl; sourceTree = "<group>"; };
		146C28DF1D7E8EF200124368 /* FacePointSize.glsl */ = {isa = PBXFileReference; fileEncoding = 4; lastKnownFileType = text; path = FacePointSize.glsl; sourceTree = "<group>"; };
		1494B9CF1D7ED24400E00B70 /* Face3DFragment.glsl */ = {isa = PBXFileReference; fileEncoding = 4; lastKnownFileType = text; path = Face3DFragment.glsl; sourceTree = "<group>"; };
		1494B9D01D7ED24400E00B70 /* Face3DVertex.glsl */ = {isa = PBXFileReference; fileEncoding = 4; lastKnownFileType = text; path = Face3DVertex.glsl; sourceTree = "<group>"; };
		14A0AABF1E9F4E12008B9443 /* en */ = {isa = PBXFileReference; lastKnownFileType = text.plist.strings; name = en; path = en.lproj/Main.strings; sourceTree = "<group>"; };
		14A0AACC1E9F4FEB008B9443 /* Base */ = {isa = PBXFileReference; lastKnownFileType = text.plist.strings; name = Base; path = Base.lproj/Localizable.strings; sourceTree = "<group>"; };
		14A0AACE1E9F4FED008B9443 /* en */ = {isa = PBXFileReference; lastKnownFileType = text.plist.strings; name = en; path = en.lproj/Localizable.strings; sourceTree = "<group>"; };
		14A0AACF1E9F600A008B9443 /* zh-Hans */ = {isa = PBXFileReference; lastKnownFileType = text.plist.strings; name = "zh-Hans"; path = "zh-Hans.lproj/LaunchScreen.strings"; sourceTree = "<group>"; };
		14A0AAD01E9F600A008B9443 /* zh-Hans */ = {isa = PBXFileReference; lastKnownFileType = text.plist.strings; name = "zh-Hans"; path = "zh-Hans.lproj/Main.strings"; sourceTree = "<group>"; };
		14A0AAD11E9F600A008B9443 /* zh-Hans */ = {isa = PBXFileReference; lastKnownFileType = text.plist.strings; name = "zh-Hans"; path = "zh-Hans.lproj/Localizable.strings"; sourceTree = "<group>"; };
		14A0AAD31E9F60CD008B9443 /* en */ = {isa = PBXFileReference; lastKnownFileType = text.plist.strings; name = en; path = en.lproj/LaunchScreen.strings; sourceTree = "<group>"; };
		14D6A92C1E8BAB3D00AF4B06 /* MGAlgorithmInfo.h */ = {isa = PBXFileReference; fileEncoding = 4; lastKnownFileType = sourcecode.c.h; path = MGAlgorithmInfo.h; sourceTree = "<group>"; };
		14D6A92D1E8BAB3D00AF4B06 /* MGFaceInfo.h */ = {isa = PBXFileReference; fileEncoding = 4; lastKnownFileType = sourcecode.c.h; path = MGFaceInfo.h; sourceTree = "<group>"; };
		14D6A92E1E8BAB3D00AF4B06 /* MGFacepp.h */ = {isa = PBXFileReference; fileEncoding = 4; lastKnownFileType = sourcecode.c.h; path = MGFacepp.h; sourceTree = "<group>"; };
		14D6A92F1E8BAB3D00AF4B06 /* MGFaceppCommon.h */ = {isa = PBXFileReference; fileEncoding = 4; lastKnownFileType = sourcecode.c.h; path = MGFaceppCommon.h; sourceTree = "<group>"; };
		14D6A9301E8BAB3D00AF4B06 /* MGFaceppConfig.h */ = {isa = PBXFileReference; fileEncoding = 4; lastKnownFileType = sourcecode.c.h; path = MGFaceppConfig.h; sourceTree = "<group>"; };
		14D6A9311E8BAB3D00AF4B06 /* MGFaceppSet.h */ = {isa = PBXFileReference; fileEncoding = 4; lastKnownFileType = sourcecode.c.h; path = MGFaceppSet.h; sourceTree = "<group>"; };
		14D6A9321E8BAB3D00AF4B06 /* MGImageData.h */ = {isa = PBXFileReference; fileEncoding = 4; lastKnownFileType = sourcecode.c.h; path = MGImageData.h; sourceTree = "<group>"; };
		14FFF2FF1E25FB6100A5A7EF /* MainViewController.h */ = {isa = PBXFileReference; fileEncoding = 4; lastKnownFileType = sourcecode.c.h; path = MainViewController.h; sourceTree = "<group>"; };
		14FFF3001E25FB6100A5A7EF /* MainViewController.m */ = {isa = PBXFileReference; fileEncoding = 4; lastKnownFileType = sourcecode.c.objc; path = MainViewController.m; sourceTree = "<group>"; };
		8E89429A1F3C556F00761FBA /* MGDetectPictureVC.h */ = {isa = PBXFileReference; fileEncoding = 4; lastKnownFileType = sourcecode.c.h; path = MGDetectPictureVC.h; sourceTree = "<group>"; };
		8E89429B1F3C556F00761FBA /* MGDetectPictureVC.m */ = {isa = PBXFileReference; fileEncoding = 4; lastKnownFileType = sourcecode.c.objc; path = MGDetectPictureVC.m; sourceTree = "<group>"; };
		8E89429E1F3C60E400761FBA /* 1280_720.png */ = {isa = PBXFileReference; lastKnownFileType = image.png; path = 1280_720.png; sourceTree = "<group>"; };
		8E89429F1F3C60E400761FBA /* 1280_720@3x.png */ = {isa = PBXFileReference; lastKnownFileType = image.png; path = "1280_720@3x.png"; sourceTree = "<group>"; };
		8E8942A01F3C60E400761FBA /* 1920_1080.png */ = {isa = PBXFileReference; lastKnownFileType = image.png; path = 1920_1080.png; sourceTree = "<group>"; };
		8E8942A11F3C60E400761FBA /* 1920_1080@3x.png */ = {isa = PBXFileReference; lastKnownFileType = image.png; path = "1920_1080@3x.png"; sourceTree = "<group>"; };
		8E8942A21F3C60E400761FBA /* 3D-0.png */ = {isa = PBXFileReference; lastKnownFileType = image.png; path = "3D-0.png"; sourceTree = "<group>"; };
		8E8942A31F3C60E400761FBA /* 3D-1.png */ = {isa = PBXFileReference; lastKnownFileType = image.png; path = "3D-1.png"; sourceTree = "<group>"; };
		8E8942A41F3C60E400761FBA /* 640_480.png */ = {isa = PBXFileReference; lastKnownFileType = image.png; path = 640_480.png; sourceTree = "<group>"; };
		8E8942A51F3C60E400761FBA /* 640_480@3x.png */ = {isa = PBXFileReference; lastKnownFileType = image.png; path = "640_480@3x.png"; sourceTree = "<group>"; };
		8E8942A61F3C60E400761FBA /* 81-0.png */ = {isa = PBXFileReference; lastKnownFileType = image.png; path = "81-0.png"; sourceTree = "<group>"; };
		8E8942A71F3C60E400761FBA /* 81-1.png */ = {isa = PBXFileReference; lastKnownFileType = image.png; path = "81-1.png"; sourceTree = "<group>"; };
		8E8942A81F3C60E400761FBA /* 960_540.png */ = {isa = PBXFileReference; lastKnownFileType = image.png; path = 960_540.png; sourceTree = "<group>"; };
		8E8942A91F3C60E400761FBA /* 960_540@3x.png */ = {isa = PBXFileReference; lastKnownFileType = image.png; path = "960_540@3x.png"; sourceTree = "<group>"; };
		8E8942AA1F3C60E400761FBA /* area-0.png */ = {isa = PBXFileReference; lastKnownFileType = image.png; path = "area-0.png"; sourceTree = "<group>"; };
		8E8942AB1F3C60E400761FBA /* area-1.png */ = {isa = PBXFileReference; lastKnownFileType = image.png; path = "area-1.png"; sourceTree = "<group>"; };
		8E8942AC1F3C60E400761FBA /* card_front.png */ = {isa = PBXFileReference; lastKnownFileType = image.png; path = card_front.png; sourceTree = "<group>"; };
		8E8942AE1F3C60E400761FBA /* faceCompare-0.png */ = {isa = PBXFileReference; lastKnownFileType = image.png; path = "faceCompare-0.png"; sourceTree = "<group>"; };
		8E8942AF1F3C60E400761FBA /* faceCompare-1.png */ = {isa = PBXFileReference; lastKnownFileType = image.png; path = "faceCompare-1.png"; sourceTree = "<group>"; };
		8E8942B01F3C60E400761FBA /* regist.png */ = {isa = PBXFileReference; lastKnownFileType = image.png; path = regist.png; sourceTree = "<group>"; };
		8E8942B11F3C60E400761FBA /* selected.png */ = {isa = PBXFileReference; lastKnownFileType = image.png; path = selected.png; sourceTree = "<group>"; };
		8E8942B21F3C60E400761FBA /* unSelected.png */ = {isa = PBXFileReference; lastKnownFileType = image.png; path = unSelected.png; sourceTree = "<group>"; };
		8E8942B31F3C60E400761FBA /* user.png */ = {isa = PBXFileReference; lastKnownFileType = image.png; path = user.png; sourceTree = "<group>"; };
		8E8942B41F3C60E400761FBA /* debug-0.png */ = {isa = PBXFileReference; lastKnownFileType = image.png; path = "debug-0.png"; sourceTree = "<group>"; };
		8E8942B51F3C60E400761FBA /* debug-1.png */ = {isa = PBXFileReference; lastKnownFileType = image.png; path = "debug-1.png"; sourceTree = "<group>"; };
		8E8942B61F3C60E400761FBA /* faceinfo-0.png */ = {isa = PBXFileReference; lastKnownFileType = image.png; path = "faceinfo-0.png"; sourceTree = "<group>"; };
		8E8942B71F3C60E400761FBA /* faceinfo-1.png */ = {isa = PBXFileReference; lastKnownFileType = image.png; path = "faceinfo-1.png"; sourceTree = "<group>"; };
		8E8942B81F3C60E400761FBA /* faceLogo.png */ = {isa = PBXFileReference; lastKnownFileType = image.png; path = faceLogo.png; sourceTree = "<group>"; };
		8E8942B91F3C60E400761FBA /* IMG_2393.JPG */ = {isa = PBXFileReference; lastKnownFileType = image.jpeg; path = IMG_2393.JPG; sourceTree = "<group>"; };
		8E8942BA1F3C60E400761FBA /* megviicloud logo.png */ = {isa = PBXFileReference; lastKnownFileType = image.png; path = "megviicloud logo.png"; sourceTree = "<group>"; };
		8E8942BB1F3C60E400761FBA /* pw.png */ = {isa = PBXFileReference; lastKnownFileType = image.png; path = pw.png; sourceTree = "<group>"; };
		8E8942BC1F3C60E400761FBA /* record-0.png */ = {isa = PBXFileReference; lastKnownFileType = image.png; path = "record-0.png"; sourceTree = "<group>"; };
		8E8942BD1F3C60E400761FBA /* record-1.png */ = {isa = PBXFileReference; lastKnownFileType = image.png; path = "record-1.png"; sourceTree = "<group>"; };
		8E8942BE1F3C60E400761FBA /* screen-0.png */ = {isa = PBXFileReference; lastKnownFileType = image.png; path = "screen-0.png"; sourceTree = "<group>"; };
		8E8942BF1F3C60E400761FBA /* screen-1.png */ = {isa = PBXFileReference; lastKnownFileType = image.png; path = "screen-1.png"; sourceTree = "<group>"; };
		8E8942C01F3C60E400761FBA /* shader-0.png */ = {isa = PBXFileReference; lastKnownFileType = image.png; path = "shader-0.png"; sourceTree = "<group>"; };
		8E8942C11F3C60E400761FBA /* shader-1.png */ = {isa = PBXFileReference; lastKnownFileType = image.png; path = "shader-1.png"; sourceTree = "<group>"; };
		8E8942C21F3C60E400761FBA /* side-0.png */ = {isa = PBXFileReference; lastKnownFileType = image.png; path = "side-0.png"; sourceTree = "<group>"; };
		8E8942C31F3C60E400761FBA /* side-1.png */ = {isa = PBXFileReference; lastKnownFileType = image.png; path = "side-1.png"; sourceTree = "<group>"; };
		8E8942C41F3C60E400761FBA /* textrec-0.png */ = {isa = PBXFileReference; lastKnownFileType = image.png; path = "textrec-0.png"; sourceTree = "<group>"; };
		8E8942C51F3C60E400761FBA /* textrec-1.png */ = {isa = PBXFileReference; lastKnownFileType = image.png; path = "textrec-1.png"; sourceTree = "<group>"; };
		8E8942EE1F3C612900761FBA /* 81_points_position.jpg */ = {isa = PBXFileReference; lastKnownFileType = image.jpeg; path = 81_points_position.jpg; sourceTree = "<group>"; };
		8E8942EF1F3C612900761FBA /* background.png */ = {isa = PBXFileReference; lastKnownFileType = image.png; path = background.png; sourceTree = "<group>"; };
		8E8942F71F3C612900761FBA /* skin.png */ = {isa = PBXFileReference; lastKnownFileType = image.png; path = skin.png; sourceTree = "<group>"; };
		8E8942F81F3C612900761FBA /* standard_alpha.png */ = {isa = PBXFileReference; lastKnownFileType = image.png; path = standard_alpha.png; sourceTree = "<group>"; };
		8E8943061F3C639700761FBA /* BaseCell.h */ = {isa = PBXFileReference; fileEncoding = 4; lastKnownFileType = sourcecode.c.h; path = BaseCell.h; sourceTree = "<group>"; };
		8E8943071F3C639700761FBA /* BaseCell.m */ = {isa = PBXFileReference; fileEncoding = 4; lastKnownFileType = sourcecode.c.objc; path = BaseCell.m; sourceTree = "<group>"; };
		8E8943081F3C639700761FBA /* BaseCell.xib */ = {isa = PBXFileReference; fileEncoding = 4; lastKnownFileType = file.xib; path = BaseCell.xib; sourceTree = "<group>"; };
		8E8943091F3C639700761FBA /* BaseCollectionCell.h */ = {isa = PBXFileReference; fileEncoding = 4; lastKnownFileType = sourcecode.c.h; path = BaseCollectionCell.h; sourceTree = "<group>"; };
		8E89430A1F3C639700761FBA /* BaseCollectionCell.m */ = {isa = PBXFileReference; fileEncoding = 4; lastKnownFileType = sourcecode.c.objc; path = BaseCollectionCell.m; sourceTree = "<group>"; };
		8E89430B1F3C639700761FBA /* MCSetCell.h */ = {isa = PBXFileReference; fileEncoding = 4; lastKnownFileType = sourcecode.c.h; path = MCSetCell.h; sourceTree = "<group>"; };
		8E89430C1F3C639700761FBA /* MCSetCell.m */ = {isa = PBXFileReference; fileEncoding = 4; lastKnownFileType = sourcecode.c.objc; path = MCSetCell.m; sourceTree = "<group>"; };
		8E89430D1F3C639700761FBA /* MCSetCell.xib */ = {isa = PBXFileReference; fileEncoding = 4; lastKnownFileType = file.xib; path = MCSetCell.xib; sourceTree = "<group>"; };
		8E89430E1F3C639700761FBA /* MGFaceCompareCell.h */ = {isa = PBXFileReference; fileEncoding = 4; lastKnownFileType = sourcecode.c.h; path = MGFaceCompareCell.h; sourceTree = "<group>"; };
		8E89430F1F3C639700761FBA /* MGFaceCompareCell.m */ = {isa = PBXFileReference; fileEncoding = 4; lastKnownFileType = sourcecode.c.objc; path = MGFaceCompareCell.m; sourceTree = "<group>"; };
		8E8943101F3C639700761FBA /* TextCell.h */ = {isa = PBXFileReference; fileEncoding = 4; lastKnownFileType = sourcecode.c.h; path = TextCell.h; sourceTree = "<group>"; };
		8E8943111F3C639700761FBA /* TextCell.m */ = {isa = PBXFileReference; fileEncoding = 4; lastKnownFileType = sourcecode.c.objc; path = TextCell.m; sourceTree = "<group>"; };
		8E8943121F3C639700761FBA /* TextCell.xib */ = {isa = PBXFileReference; fileEncoding = 4; lastKnownFileType = file.xib; path = TextCell.xib; sourceTree = "<group>"; };
		8E8943141F3C639700761FBA /* BaseModel.h */ = {isa = PBXFileReference; fileEncoding = 4; lastKnownFileType = sourcecode.c.h; path = BaseModel.h; sourceTree = "<group>"; };
		8E8943151F3C639700761FBA /* BaseModel.m */ = {isa = PBXFileReference; fileEncoding = 4; lastKnownFileType = sourcecode.c.objc; path = BaseModel.m; sourceTree = "<group>"; };
		8E8943161F3C639700761FBA /* MCSetModel.h */ = {isa = PBXFileReference; fileEncoding = 4; lastKnownFileType = sourcecode.c.h; path = MCSetModel.h; sourceTree = "<group>"; };
		8E8943171F3C639700761FBA /* MCSetModel.m */ = {isa = PBXFileReference; fileEncoding = 4; lastKnownFileType = sourcecode.c.objc; path = MCSetModel.m; sourceTree = "<group>"; };
		8E8943181F3C639700761FBA /* MGFaceCompareModel.h */ = {isa = PBXFileReference; fileEncoding = 4; lastKnownFileType = sourcecode.c.h; path = MGFaceCompareModel.h; sourceTree = "<group>"; };
		8E8943191F3C639700761FBA /* MGFaceCompareModel.m */ = {isa = PBXFileReference; fileEncoding = 4; lastKnownFileType = sourcecode.c.objc; path = MGFaceCompareModel.m; sourceTree = "<group>"; };
		8E89431A1F3C639700761FBA /* MGFaceModelArray.h */ = {isa = PBXFileReference; fileEncoding = 4; lastKnownFileType = sourcecode.c.h; path = MGFaceModelArray.h; sourceTree = "<group>"; };
		8E89431B1F3C639700761FBA /* MGFaceModelArray.m */ = {isa = PBXFileReference; fileEncoding = 4; lastKnownFileType = sourcecode.c.objc; path = MGFaceModelArray.m; sourceTree = "<group>"; };
		8E89431C1F3C639700761FBA /* TextModel.h */ = {isa = PBXFileReference; fileEncoding = 4; lastKnownFileType = sourcecode.c.h; path = TextModel.h; sourceTree = "<group>"; };
		8E89431D1F3C639700761FBA /* TextModel.m */ = {isa = PBXFileReference; fileEncoding = 4; lastKnownFileType = sourcecode.c.objc; path = TextModel.m; sourceTree = "<group>"; };
		8E89431F1F3C639700761FBA /* MGVideoViewController.h */ = {isa = PBXFileReference; fileEncoding = 4; lastKnownFileType = sourcecode.c.h; path = MGVideoViewController.h; sourceTree = "<group>"; };
		8E8943201F3C639700761FBA /* MGVideoViewController.mm */ = {isa = PBXFileReference; fileEncoding = 4; lastKnownFileType = sourcecode.cpp.objcpp; path = MGVideoViewController.mm; sourceTree = "<group>"; };
		8E8943211F3C639700761FBA /* MGFaceListViewController.h */ = {isa = PBXFileReference; fileEncoding = 4; lastKnownFileType = sourcecode.c.h; path = MGFaceListViewController.h; sourceTree = "<group>"; };
		8E8943221F3C639700761FBA /* MGFaceListViewController.m */ = {isa = PBXFileReference; fileEncoding = 4; lastKnownFileType = sourcecode.c.objc; path = MGFaceListViewController.m; sourceTree = "<group>"; };
		8E8943231F3C639700761FBA /* MGFaceListViewController.storyboard */ = {isa = PBXFileReference; fileEncoding = 4; lastKnownFileType = file.storyboard; path = MGFaceListViewController.storyboard; sourceTree = "<group>"; };
		8E8943241F3C639700761FBA /* MGMarkSetViewController.h */ = {isa = PBXFileReference; fileEncoding = 4; lastKnownFileType = sourcecode.c.h; path = MGMarkSetViewController.h; sourceTree = "<group>"; };
		8E8943251F3C639700761FBA /* MGMarkSetViewController.m */ = {isa = PBXFileReference; fileEncoding = 4; lastKnownFileType = sourcecode.c.objc; path = MGMarkSetViewController.m; sourceTree = "<group>"; };
		8E8943271F3C639700761FBA /* MGFileManager.h */ = {isa = PBXFileReference; fileEncoding = 4; lastKnownFileType = sourcecode.c.h; path = MGFileManager.h; sourceTree = "<group>"; };
		8E8943281F3C639700761FBA /* MGFileManager.m */ = {isa = PBXFileReference; fileEncoding = 4; lastKnownFileType = sourcecode.c.objc; path = MGFileManager.m; sourceTree = "<group>"; };
		8E89432C1F3C639700761FBA /* GLESUtils.h */ = {isa = PBXFileReference; fileEncoding = 4; lastKnownFileType = sourcecode.c.h; path = GLESUtils.h; sourceTree = "<group>"; };
		8E89432D1F3C639700761FBA /* GLESUtils.m */ = {isa = PBXFileReference; fileEncoding = 4; lastKnownFileType = sourcecode.c.objc; path = GLESUtils.m; sourceTree = "<group>"; };
		8E89432F1F3C639700761FBA /* MGOpenGLConfig.h */ = {isa = PBXFileReference; fileEncoding = 4; lastKnownFileType = sourcecode.c.h; path = MGOpenGLConfig.h; sourceTree = "<group>"; };
		8E8943301F3C639700761FBA /* MGOpenGLRenderer.h */ = {isa = PBXFileReference; fileEncoding = 4; lastKnownFileType = sourcecode.c.h; path = MGOpenGLRenderer.h; sourceTree = "<group>"; };
		8E8943311F3C639700761FBA /* MGOpenGLRenderer.m */ = {isa = PBXFileReference; fileEncoding = 4; lastKnownFileType = sourcecode.c.objc; path = MGOpenGLRenderer.m; sourceTree = "<group>"; };
		8E8943321F3C639700761FBA /* MGOpenGLView.h */ = {isa = PBXFileReference; fileEncoding = 4; lastKnownFileType = sourcecode.c.h; path = MGOpenGLView.h; sourceTree = "<group>"; };
		8E8943331F3C639700761FBA /* MGOpenGLView.m */ = {isa = PBXFileReference; fileEncoding = 4; lastKnownFileType = sourcecode.c.objc; path = MGOpenGLView.m; sourceTree = "<group>"; };
		8E8943491F3C643300761FBA /* MGHeader.h */ = {isa = PBXFileReference; fileEncoding = 4; lastKnownFileType = sourcecode.c.h; path = MGHeader.h; sourceTree = "<group>"; };
		8E95F10A1F17569A00689094 /* libMGFacepp-0.5.0.a */ = {isa = PBXFileReference; lastKnownFileType = archive.ar; path = "libMGFacepp-0.5.0.a"; sourceTree = "<group>"; };
		8E95F10B1F17569A00689094 /* megviifacepp_0_5_0_model */ = {isa = PBXFileReference; lastKnownFileType = file; path = megviifacepp_0_5_0_model; sourceTree = "<group>"; };
/* End PBXFileReference section */

/* Begin PBXFrameworksBuildPhase section */
		141999621D7D68270029032F /* Frameworks */ = {
			isa = PBXFrameworksBuildPhase;
			buildActionMask = 2147483647;
			files = (
				1432ED641E24B27500131E39 /* CoreMotion.framework in Frameworks */,
				140FF1191D8E602100013A3E /* AVFoundation.framework in Frameworks */,
				8E95F10C1F17569A00689094 /* libMGFacepp-0.5.0.a in Frameworks */,
				140FF1181D8E601D00013A3E /* CoreMedia.framework in Frameworks */,
				140FF1161D8E601800013A3E /* MGBaseKit.framework in Frameworks */,
			);
			runOnlyForDeploymentPostprocessing = 0;
		};
/* End PBXFrameworksBuildPhase section */

/* Begin PBXGroup section */
		140605001D8E5F1000D71080 /* MGFaceppSDK */ = {
			isa = PBXGroup;
			children = (
				8E95F10A1F17569A00689094 /* libMGFacepp-0.5.0.a */,
				8E95F10B1F17569A00689094 /* megviifacepp_0_5_0_model */,
				14D6A92C1E8BAB3D00AF4B06 /* MGAlgorithmInfo.h */,
				14D6A92D1E8BAB3D00AF4B06 /* MGFaceInfo.h */,
				14D6A92E1E8BAB3D00AF4B06 /* MGFacepp.h */,
				14D6A92F1E8BAB3D00AF4B06 /* MGFaceppCommon.h */,
				14D6A9301E8BAB3D00AF4B06 /* MGFaceppConfig.h */,
				14D6A9311E8BAB3D00AF4B06 /* MGFaceppSet.h */,
				14D6A9321E8BAB3D00AF4B06 /* MGImageData.h */,
			);
			path = MGFaceppSDK;
			sourceTree = "<group>";
		};
		1419995C1D7D68270029032F = {
			isa = PBXGroup;
			children = (
				1433D0CE1E275DE200814ADD /* FaceppDemo */,
				1494B9E21D7FF4B400E00B70 /* MainClass */,
				146C28D91D7E77CE00124368 /* Resources */,
				141999811D7D690D0029032F /* Frameworks */,
				141999661D7D68270029032F /* Products */,
			);
			sourceTree = "<group>";
		};
		141999661D7D68270029032F /* Products */ = {
			isa = PBXGroup;
			children = (
				141999651D7D68270029032F /* FaceppDemo.app */,
			);
			name = Products;
			sourceTree = "<group>";
		};
		141999811D7D690D0029032F /* Frameworks */ = {
			isa = PBXGroup;
			children = (
				140605001D8E5F1000D71080 /* MGFaceppSDK */,
				140604FC1D8E5EE600D71080 /* MGBaseKit.framework */,
				1432ED631E24B27500131E39 /* CoreMotion.framework */,
				142F34231D7E97E800A05A5A /* CoreVideo.framework */,
				142F34211D7E97E200A05A5A /* AVFoundation.framework */,
				142F341F1D7E97DE00A05A5A /* OpenGLES.framework */,
				142F341D1D7E97DA00A05A5A /* CoreMedia.framework */,
			);
			name = Frameworks;
			sourceTree = "<group>";
		};
		1433D0CE1E275DE200814ADD /* FaceppDemo */ = {
			isa = PBXGroup;
			children = (
				14A0AAB01E9F4C41008B9443 /* Base.lproj */,
				14A0AAB51E9F4C41008B9443 /* en.lproj */,
				1433D0CF1E275DE200814ADD /* AppDelegate.h */,
				1433D0D01E275DE200814ADD /* AppDelegate.m */,
				1433D0D11E275DE200814ADD /* Assets.xcassets */,
				1433D0D21E275DE200814ADD /* LaunchScreen.storyboard */,
				1433D0D41E275DE200814ADD /* Main.storyboard */,
				1433D0D61E275DE200814ADD /* Info.plist */,
				1433D0D71E275DE200814ADD /* main.m */,
				14A0AACD1E9F4FEB008B9443 /* Localizable.strings */,
			);
			path = FaceppDemo;
			sourceTree = "<group>";
		};
		1433D0DE1E275E7D00814ADD /* MGLicenseManagerHelper */ = {
			isa = PBXGroup;
			children = (
				1433D0DF1E275E7D00814ADD /* MGFaceLicenseHandle.h */,
				1433D0E01E275E7D00814ADD /* MGFaceLicenseHandle.m */,
				1433D0E21E275E7D00814ADD /* MGNetAccount.h */,
			);
			path = MGLicenseManagerHelper;
			sourceTree = "<group>";
		};
		146C28D91D7E77CE00124368 /* Resources */ = {
			isa = PBXGroup;
			children = (
				8E8942ED1F3C612900761FBA /* detectImages */,
				8E89429D1F3C60E400761FBA /* appImages */,
				146C28DB1D7E77CE00124368 /* Shaders */,
			);
			path = Resources;
			sourceTree = "<group>";
		};
		146C28DB1D7E77CE00124368 /* Shaders */ = {
			isa = PBXGroup;
			children = (
				1494B9CF1D7ED24400E00B70 /* Face3DFragment.glsl */,
				1494B9D01D7ED24400E00B70 /* Face3DVertex.glsl */,
				146C28DC1D7E8EF200124368 /* FacePointColor.glsl */,
				146C28DF1D7E8EF200124368 /* FacePointSize.glsl */,
				146C28DD1D7E8EF200124368 /* VideoFrag.glsl */,
				146C28DE1D7E8EF200124368 /* VideoVert.glsl */,
			);
			path = Shaders;
			sourceTree = "<group>";
		};
		1494B9E21D7FF4B400E00B70 /* MainClass */ = {
			isa = PBXGroup;
			children = (
				8E8942991F3C556F00761FBA /* MGDetectPicture */,
				8E8943041F3C639700761FBA /* MGDetectVideo */,
				8E8943261F3C639700761FBA /* MGHelp */,
				8E89432A1F3C639700761FBA /* OpenGL */,
				1433D0DE1E275E7D00814ADD /* MGLicenseManagerHelper */,
				14FFF2FF1E25FB6100A5A7EF /* MainViewController.h */,
				14FFF3001E25FB6100A5A7EF /* MainViewController.m */,
			);
			name = MainClass;
			sourceTree = "<group>";
		};
		14A0AAB01E9F4C41008B9443 /* Base.lproj */ = {
			isa = PBXGroup;
			children = (
			);
			path = Base.lproj;
			sourceTree = "<group>";
		};
		14A0AAB51E9F4C41008B9443 /* en.lproj */ = {
			isa = PBXGroup;
			children = (
			);
			path = en.lproj;
			sourceTree = "<group>";
		};
		8E8942991F3C556F00761FBA /* MGDetectPicture */ = {
			isa = PBXGroup;
			children = (
				8E89429A1F3C556F00761FBA /* MGDetectPictureVC.h */,
				8E89429B1F3C556F00761FBA /* MGDetectPictureVC.m */,
			);
			path = MGDetectPicture;
			sourceTree = "<group>";
		};
		8E89429D1F3C60E400761FBA /* appImages */ = {
			isa = PBXGroup;
			children = (
				8E89429E1F3C60E400761FBA /* 1280_720.png */,
				8E89429F1F3C60E400761FBA /* 1280_720@3x.png */,
				8E8942A01F3C60E400761FBA /* 1920_1080.png */,
				8E8942A11F3C60E400761FBA /* 1920_1080@3x.png */,
				8E8942A21F3C60E400761FBA /* 3D-0.png */,
				8E8942A31F3C60E400761FBA /* 3D-1.png */,
				8E8942A41F3C60E400761FBA /* 640_480.png */,
				8E8942A51F3C60E400761FBA /* 640_480@3x.png */,
				8E8942A61F3C60E400761FBA /* 81-0.png */,
				8E8942A71F3C60E400761FBA /* 81-1.png */,
				8E8942A81F3C60E400761FBA /* 960_540.png */,
				8E8942A91F3C60E400761FBA /* 960_540@3x.png */,
				8E8942AA1F3C60E400761FBA /* area-0.png */,
				8E8942AB1F3C60E400761FBA /* area-1.png */,
				8E8942AC1F3C60E400761FBA /* card_front.png */,
				8E8942AD1F3C60E400761FBA /* compare */,
				8E8942B41F3C60E400761FBA /* debug-0.png */,
				8E8942B51F3C60E400761FBA /* debug-1.png */,
				8E8942B61F3C60E400761FBA /* faceinfo-0.png */,
				8E8942B71F3C60E400761FBA /* faceinfo-1.png */,
				8E8942B81F3C60E400761FBA /* faceLogo.png */,
				8E8942B91F3C60E400761FBA /* IMG_2393.JPG */,
				8E8942BA1F3C60E400761FBA /* megviicloud logo.png */,
				8E8942BB1F3C60E400761FBA /* pw.png */,
				8E8942BC1F3C60E400761FBA /* record-0.png */,
				8E8942BD1F3C60E400761FBA /* record-1.png */,
				8E8942BE1F3C60E400761FBA /* screen-0.png */,
				8E8942BF1F3C60E400761FBA /* screen-1.png */,
				8E8942C01F3C60E400761FBA /* shader-0.png */,
				8E8942C11F3C60E400761FBA /* shader-1.png */,
				8E8942C21F3C60E400761FBA /* side-0.png */,
				8E8942C31F3C60E400761FBA /* side-1.png */,
				8E8942C41F3C60E400761FBA /* textrec-0.png */,
				8E8942C51F3C60E400761FBA /* textrec-1.png */,
			);
			path = appImages;
			sourceTree = "<group>";
		};
		8E8942AD1F3C60E400761FBA /* compare */ = {
			isa = PBXGroup;
			children = (
				8E8942AE1F3C60E400761FBA /* faceCompare-0.png */,
				8E8942AF1F3C60E400761FBA /* faceCompare-1.png */,
				8E8942B01F3C60E400761FBA /* regist.png */,
				8E8942B11F3C60E400761FBA /* selected.png */,
				8E8942B21F3C60E400761FBA /* unSelected.png */,
				8E8942B31F3C60E400761FBA /* user.png */,
			);
			path = compare;
			sourceTree = "<group>";
		};
		8E8942ED1F3C612900761FBA /* detectImages */ = {
			isa = PBXGroup;
			children = (
				8E8942EE1F3C612900761FBA /* 81_points_position.jpg */,
				8E8942EF1F3C612900761FBA /* background.png */,
				8E8942F71F3C612900761FBA /* skin.png */,
				8E8942F81F3C612900761FBA /* standard_alpha.png */,
			);
			path = detectImages;
			sourceTree = "<group>";
		};
		8E8943041F3C639700761FBA /* MGDetectVideo */ = {
			isa = PBXGroup;
			children = (
				8E8943051F3C639700761FBA /* Cells */,
				8E8943131F3C639700761FBA /* Models */,
				8E89431E1F3C639700761FBA /* ViewControllers */,
			);
			path = MGDetectVideo;
			sourceTree = "<group>";
		};
		8E8943051F3C639700761FBA /* Cells */ = {
			isa = PBXGroup;
			children = (
				8E8943061F3C639700761FBA /* BaseCell.h */,
				8E8943071F3C639700761FBA /* BaseCell.m */,
				8E8943081F3C639700761FBA /* BaseCell.xib */,
				8E8943091F3C639700761FBA /* BaseCollectionCell.h */,
				8E89430A1F3C639700761FBA /* BaseCollectionCell.m */,
				8E89430B1F3C639700761FBA /* MCSetCell.h */,
				8E89430C1F3C639700761FBA /* MCSetCell.m */,
				8E89430D1F3C639700761FBA /* MCSetCell.xib */,
				8E89430E1F3C639700761FBA /* MGFaceCompareCell.h */,
				8E89430F1F3C639700761FBA /* MGFaceCompareCell.m */,
				8E8943101F3C639700761FBA /* TextCell.h */,
				8E8943111F3C639700761FBA /* TextCell.m */,
				8E8943121F3C639700761FBA /* TextCell.xib */,
			);
			path = Cells;
			sourceTree = "<group>";
		};
		8E8943131F3C639700761FBA /* Models */ = {
			isa = PBXGroup;
			children = (
				8E8943141F3C639700761FBA /* BaseModel.h */,
				8E8943151F3C639700761FBA /* BaseModel.m */,
				8E8943161F3C639700761FBA /* MCSetModel.h */,
				8E8943171F3C639700761FBA /* MCSetModel.m */,
				8E8943181F3C639700761FBA /* MGFaceCompareModel.h */,
				8E8943191F3C639700761FBA /* MGFaceCompareModel.m */,
				8E89431A1F3C639700761FBA /* MGFaceModelArray.h */,
				8E89431B1F3C639700761FBA /* MGFaceModelArray.m */,
				8E89431C1F3C639700761FBA /* TextModel.h */,
				8E89431D1F3C639700761FBA /* TextModel.m */,
			);
			path = Models;
			sourceTree = "<group>";
		};
		8E89431E1F3C639700761FBA /* ViewControllers */ = {
			isa = PBXGroup;
			children = (
				8E89431F1F3C639700761FBA /* MGVideoViewController.h */,
				8E8943201F3C639700761FBA /* MGVideoViewController.mm */,
				8E8943211F3C639700761FBA /* MGFaceListViewController.h */,
				8E8943221F3C639700761FBA /* MGFaceListViewController.m */,
				8E8943231F3C639700761FBA /* MGFaceListViewController.storyboard */,
				8E8943241F3C639700761FBA /* MGMarkSetViewController.h */,
				8E8943251F3C639700761FBA /* MGMarkSetViewController.m */,
			);
			path = ViewControllers;
			sourceTree = "<group>";
		};
		8E8943261F3C639700761FBA /* MGHelp */ = {
			isa = PBXGroup;
			children = (
				8E8943271F3C639700761FBA /* MGFileManager.h */,
				8E8943281F3C639700761FBA /* MGFileManager.m */,
				8E8943491F3C643300761FBA /* MGHeader.h */,
			);
			path = MGHelp;
			sourceTree = "<group>";
		};
		8E89432A1F3C639700761FBA /* OpenGL */ = {
			isa = PBXGroup;
			children = (
				8E89432B1F3C639700761FBA /* GLUtilities */,
				8E89432E1F3C639700761FBA /* Manager */,
				8E8943321F3C639700761FBA /* MGOpenGLView.h */,
				8E8943331F3C639700761FBA /* MGOpenGLView.m */,
			);
			path = OpenGL;
			sourceTree = "<group>";
		};
		8E89432B1F3C639700761FBA /* GLUtilities */ = {
			isa = PBXGroup;
			children = (
				8E89432C1F3C639700761FBA /* GLESUtils.h */,
				8E89432D1F3C639700761FBA /* GLESUtils.m */,
			);
			path = GLUtilities;
			sourceTree = "<group>";
		};
		8E89432E1F3C639700761FBA /* Manager */ = {
			isa = PBXGroup;
			children = (
				8E89432F1F3C639700761FBA /* MGOpenGLConfig.h */,
				8E8943301F3C639700761FBA /* MGOpenGLRenderer.h */,
				8E8943311F3C639700761FBA /* MGOpenGLRenderer.m */,
			);
			path = Manager;
			sourceTree = "<group>";
		};
/* End PBXGroup section */

/* Begin PBXNativeTarget section */
		141999641D7D68270029032F /* FaceppDemo */ = {
			isa = PBXNativeTarget;
			buildConfigurationList = 1419997C1D7D68270029032F /* Build configuration list for PBXNativeTarget "FaceppDemo" */;
			buildPhases = (
				141999611D7D68270029032F /* Sources */,
				141999621D7D68270029032F /* Frameworks */,
				141999631D7D68270029032F /* Resources */,
				1475F5071D8E3D5B008B3E21 /* ShellScript */,
			);
			buildRules = (
			);
			dependencies = (
			);
			name = FaceppDemo;
			productName = MGSDKV2Test;
			productReference = 141999651D7D68270029032F /* FaceppDemo.app */;
			productType = "com.apple.product-type.application";
		};
/* End PBXNativeTarget section */

/* Begin PBXProject section */
		1419995D1D7D68270029032F /* Project object */ = {
			isa = PBXProject;
			attributes = {
				LastUpgradeCheck = 0820;
				ORGANIZATIONNAME = megvii;
				TargetAttributes = {
					141999641D7D68270029032F = {
						CreatedOnToolsVersion = 7.3;
						DevelopmentTeam = F4LXZEHY23;
					};
				};
			};
			buildConfigurationList = 141999601D7D68270029032F /* Build configuration list for PBXProject "FaceppDemo" */;
			compatibilityVersion = "Xcode 3.2";
			developmentRegion = English;
			hasScannedForEncodings = 0;
			knownRegions = (
				en,
				Base,
				"zh-Hans",
			);
			mainGroup = 1419995C1D7D68270029032F;
			productRefGroup = 141999661D7D68270029032F /* Products */;
			projectDirPath = "";
			projectRoot = "";
			targets = (
				141999641D7D68270029032F /* FaceppDemo */,
			);
		};
/* End PBXProject section */

/* Begin PBXResourcesBuildPhase section */
		141999631D7D68270029032F /* Resources */ = {
			isa = PBXResourcesBuildPhase;
			buildActionMask = 2147483647;
			files = (
				146C28E31D7E8EF200124368 /* FacePointSize.glsl in Resources */,
				8E8942EA1F3C60E400761FBA /* side-1.png in Resources */,
				8E8942CE1F3C60E400761FBA /* 81-0.png in Resources */,
				8E8942D51F3C60E400761FBA /* faceCompare-0.png in Resources */,
				1433D0DB1E275DE200814ADD /* Main.storyboard in Resources */,
				8E8942E41F3C60E400761FBA /* record-1.png in Resources */,
				8E8943431F3C639800761FBA /* MGFaceListViewController.storyboard in Resources */,
				8E8942F91F3C612900761FBA /* 81_points_position.jpg in Resources */,
				8E8942EB1F3C60E400761FBA /* textrec-0.png in Resources */,
				14A0AACB1E9F4FEB008B9443 /* Localizable.strings in Resources */,
				8E8943021F3C612900761FBA /* skin.png in Resources */,
				8E8942DB1F3C60E400761FBA /* debug-0.png in Resources */,
				8E8942CC1F3C60E400761FBA /* 640_480.png in Resources */,
				8E8942D81F3C60E400761FBA /* selected.png in Resources */,
				8E8943381F3C639700761FBA /* MCSetCell.xib in Resources */,
				8E8942E51F3C60E400761FBA /* screen-0.png in Resources */,
				8E8942C61F3C60E400761FBA /* 1280_720.png in Resources */,
				1494B9D21D7ED24400E00B70 /* Face3DVertex.glsl in Resources */,
				8E8942DE1F3C60E400761FBA /* faceinfo-1.png in Resources */,
				8E8942DA1F3C60E400761FBA /* user.png in Resources */,
				1433D0DA1E275DE200814ADD /* LaunchScreen.storyboard in Resources */,
				1433D0D91E275DE200814ADD /* Assets.xcassets in Resources */,
				8E8942D61F3C60E400761FBA /* faceCompare-1.png in Resources */,
				8E8942E61F3C60E400761FBA /* screen-1.png in Resources */,
				8E8942DD1F3C60E400761FBA /* faceinfo-0.png in Resources */,
				8E8942D11F3C60E400761FBA /* 960_540@3x.png in Resources */,
				8E8942D01F3C60E400761FBA /* 960_540.png in Resources */,
				8E8942FA1F3C612900761FBA /* background.png in Resources */,
				8E8942E11F3C60E400761FBA /* megviicloud logo.png in Resources */,
				8E8942D91F3C60E400761FBA /* unSelected.png in Resources */,
				146C28E21D7E8EF200124368 /* VideoVert.glsl in Resources */,
				8E8942E21F3C60E400761FBA /* pw.png in Resources */,
				8E89433B1F3C639800761FBA /* TextCell.xib in Resources */,
				8E8942CF1F3C60E400761FBA /* 81-1.png in Resources */,
				8E8942CB1F3C60E400761FBA /* 3D-1.png in Resources */,
				8E8942CA1F3C60E400761FBA /* 3D-0.png in Resources */,
				8E8943031F3C612900761FBA /* standard_alpha.png in Resources */,
				8E8942E01F3C60E400761FBA /* IMG_2393.JPG in Resources */,
				8E95F10D1F17569A00689094 /* megviifacepp_0_5_0_model in Resources */,
				8E8942D21F3C60E400761FBA /* area-0.png in Resources */,
				8E8942EC1F3C60E400761FBA /* textrec-1.png in Resources */,
				8E8943351F3C639700761FBA /* BaseCell.xib in Resources */,
				8E8942D71F3C60E400761FBA /* regist.png in Resources */,
				146C28E01D7E8EF200124368 /* FacePointColor.glsl in Resources */,
				146C28E11D7E8EF200124368 /* VideoFrag.glsl in Resources */,
				8E8942E81F3C60E400761FBA /* shader-1.png in Resources */,
				8E8942CD1F3C60E400761FBA /* 640_480@3x.png in Resources */,
				8E8942DF1F3C60E400761FBA /* faceLogo.png in Resources */,
				8E8942C81F3C60E400761FBA /* 1920_1080.png in Resources */,
				8E8942E71F3C60E400761FBA /* shader-0.png in Resources */,
				1494B9D11D7ED24400E00B70 /* Face3DFragment.glsl in Resources */,
				8E8942DC1F3C60E400761FBA /* debug-1.png in Resources */,
				8E8942E31F3C60E400761FBA /* record-0.png in Resources */,
				8E8942D41F3C60E400761FBA /* card_front.png in Resources */,
				8E8942C91F3C60E400761FBA /* 1920_1080@3x.png in Resources */,
				8E8942D31F3C60E400761FBA /* area-1.png in Resources */,
				8E8942C71F3C60E400761FBA /* 1280_720@3x.png in Resources */,
				8E8942E91F3C60E400761FBA /* side-0.png in Resources */,
			);
			runOnlyForDeploymentPostprocessing = 0;
		};
/* End PBXResourcesBuildPhase section */

/* Begin PBXShellScriptBuildPhase section */
		1475F5071D8E3D5B008B3E21 /* ShellScript */ = {
			isa = PBXShellScriptBuildPhase;
			buildActionMask = 2147483647;
			files = (
			);
			inputPaths = (
			);
			outputPaths = (
			);
			runOnlyForDeploymentPostprocessing = 0;
			shellPath = /bin/sh;
			shellScript = "";
		};
/* End PBXShellScriptBuildPhase section */

/* Begin PBXSourcesBuildPhase section */
		141999611D7D68270029032F /* Sources */ = {
			isa = PBXSourcesBuildPhase;
			buildActionMask = 2147483647;
			files = (
				8E89433D1F3C639800761FBA /* MCSetModel.m in Sources */,
				14FFF3011E25FB6100A5A7EF /* MainViewController.m in Sources */,
				8E8943461F3C639800761FBA /* GLESUtils.m in Sources */,
				1433D0E31E275E7D00814ADD /* MGFaceLicenseHandle.m in Sources */,
				8E8943411F3C639800761FBA /* MGVideoViewController.mm in Sources */,
				8E8943371F3C639700761FBA /* MCSetCell.m in Sources */,
				8E89433E1F3C639800761FBA /* MGFaceCompareModel.m in Sources */,
				8E89433C1F3C639800761FBA /* BaseModel.m in Sources */,
				8E8943341F3C639700761FBA /* BaseCell.m in Sources */,
				8E8943481F3C639800761FBA /* MGOpenGLView.m in Sources */,
				8E8943401F3C639800761FBA /* TextModel.m in Sources */,
				8E8943391F3C639700761FBA /* MGFaceCompareCell.m in Sources */,
				8E8943451F3C639800761FBA /* MGFileManager.m in Sources */,
				8E8943471F3C639800761FBA /* MGOpenGLRenderer.m in Sources */,
				1433D0D81E275DE200814ADD /* AppDelegate.m in Sources */,
				8E89433A1F3C639800761FBA /* TextCell.m in Sources */,
				8E89433F1F3C639800761FBA /* MGFaceModelArray.m in Sources */,
				8E8943361F3C639700761FBA /* BaseCollectionCell.m in Sources */,
				8E8943421F3C639800761FBA /* MGFaceListViewController.m in Sources */,
				8E89429C1F3C556F00761FBA /* MGDetectPictureVC.m in Sources */,
				8E8943441F3C639800761FBA /* MGMarkSetViewController.m in Sources */,
				1433D0DD1E275DE200814ADD /* main.m in Sources */,
			);
			runOnlyForDeploymentPostprocessing = 0;
		};
/* End PBXSourcesBuildPhase section */

/* Begin PBXVariantGroup section */
		1433D0D21E275DE200814ADD /* LaunchScreen.storyboard */ = {
			isa = PBXVariantGroup;
			children = (
				1433D0D31E275DE200814ADD /* Base */,
				14A0AACF1E9F600A008B9443 /* zh-Hans */,
				14A0AAD31E9F60CD008B9443 /* en */,
			);
			name = LaunchScreen.storyboard;
			sourceTree = "<group>";
		};
		1433D0D41E275DE200814ADD /* Main.storyboard */ = {
			isa = PBXVariantGroup;
			children = (
				1433D0D51E275DE200814ADD /* Base */,
				14A0AABF1E9F4E12008B9443 /* en */,
				14A0AAD01E9F600A008B9443 /* zh-Hans */,
			);
			name = Main.storyboard;
			sourceTree = "<group>";
		};
		14A0AACD1E9F4FEB008B9443 /* Localizable.strings */ = {
			isa = PBXVariantGroup;
			children = (
				14A0AACC1E9F4FEB008B9443 /* Base */,
				14A0AACE1E9F4FED008B9443 /* en */,
				14A0AAD11E9F600A008B9443 /* zh-Hans */,
			);
			name = Localizable.strings;
			sourceTree = "<group>";
		};
/* End PBXVariantGroup section */

/* Begin XCBuildConfiguration section */
		1419997A1D7D68270029032F /* Debug */ = {
			isa = XCBuildConfiguration;
			buildSettings = {
				ALWAYS_SEARCH_USER_PATHS = NO;
				CLANG_ANALYZER_LOCALIZABILITY_NONLOCALIZED = YES;
				CLANG_ANALYZER_NONNULL = YES;
				CLANG_CXX_LANGUAGE_STANDARD = "gnu++0x";
				CLANG_CXX_LIBRARY = "libc++";
				CLANG_ENABLE_MODULES = YES;
				CLANG_ENABLE_OBJC_ARC = YES;
				CLANG_WARN_BOOL_CONVERSION = YES;
				CLANG_WARN_CONSTANT_CONVERSION = YES;
				CLANG_WARN_DIRECT_OBJC_ISA_USAGE = YES_ERROR;
				CLANG_WARN_EMPTY_BODY = YES;
				CLANG_WARN_ENUM_CONVERSION = YES;
				CLANG_WARN_INFINITE_RECURSION = YES;
				CLANG_WARN_INT_CONVERSION = YES;
				CLANG_WARN_OBJC_ROOT_CLASS = YES_ERROR;
				CLANG_WARN_SUSPICIOUS_MOVE = YES;
				CLANG_WARN_UNREACHABLE_CODE = YES;
				CLANG_WARN__DUPLICATE_METHOD_MATCH = YES;
				"CODE_SIGN_IDENTITY[sdk=iphoneos*]" = "iPhone Developer";
				COPY_PHASE_STRIP = NO;
				DEBUG_INFORMATION_FORMAT = dwarf;
				ENABLE_STRICT_OBJC_MSGSEND = YES;
				ENABLE_TESTABILITY = YES;
				GCC_C_LANGUAGE_STANDARD = gnu99;
				GCC_DYNAMIC_NO_PIC = NO;
				GCC_NO_COMMON_BLOCKS = YES;
				GCC_OPTIMIZATION_LEVEL = 0;
				GCC_PREPROCESSOR_DEFINITIONS = (
					"DEBUG=1",
					"$(inherited)",
				);
				GCC_WARN_64_TO_32_BIT_CONVERSION = YES;
				GCC_WARN_ABOUT_RETURN_TYPE = YES_ERROR;
				GCC_WARN_UNDECLARED_SELECTOR = YES;
				GCC_WARN_UNINITIALIZED_AUTOS = YES_AGGRESSIVE;
				GCC_WARN_UNUSED_FUNCTION = YES;
				GCC_WARN_UNUSED_VARIABLE = YES;
				IPHONEOS_DEPLOYMENT_TARGET = 9.3;
				MTL_ENABLE_DEBUG_INFO = YES;
				ONLY_ACTIVE_ARCH = YES;
				SDKROOT = iphoneos;
			};
			name = Debug;
		};
		1419997B1D7D68270029032F /* Release */ = {
			isa = XCBuildConfiguration;
			buildSettings = {
				ALWAYS_SEARCH_USER_PATHS = NO;
				CLANG_ANALYZER_LOCALIZABILITY_NONLOCALIZED = YES;
				CLANG_ANALYZER_NONNULL = YES;
				CLANG_CXX_LANGUAGE_STANDARD = "gnu++0x";
				CLANG_CXX_LIBRARY = "libc++";
				CLANG_ENABLE_MODULES = YES;
				CLANG_ENABLE_OBJC_ARC = YES;
				CLANG_WARN_BOOL_CONVERSION = YES;
				CLANG_WARN_CONSTANT_CONVERSION = YES;
				CLANG_WARN_DIRECT_OBJC_ISA_USAGE = YES_ERROR;
				CLANG_WARN_EMPTY_BODY = YES;
				CLANG_WARN_ENUM_CONVERSION = YES;
				CLANG_WARN_INFINITE_RECURSION = YES;
				CLANG_WARN_INT_CONVERSION = YES;
				CLANG_WARN_OBJC_ROOT_CLASS = YES_ERROR;
				CLANG_WARN_SUSPICIOUS_MOVE = YES;
				CLANG_WARN_UNREACHABLE_CODE = YES;
				CLANG_WARN__DUPLICATE_METHOD_MATCH = YES;
				"CODE_SIGN_IDENTITY[sdk=iphoneos*]" = "iPhone Developer";
				COPY_PHASE_STRIP = NO;
				DEBUG_INFORMATION_FORMAT = "dwarf-with-dsym";
				ENABLE_NS_ASSERTIONS = NO;
				ENABLE_STRICT_OBJC_MSGSEND = YES;
				GCC_C_LANGUAGE_STANDARD = gnu99;
				GCC_NO_COMMON_BLOCKS = YES;
				GCC_WARN_64_TO_32_BIT_CONVERSION = YES;
				GCC_WARN_ABOUT_RETURN_TYPE = YES_ERROR;
				GCC_WARN_UNDECLARED_SELECTOR = YES;
				GCC_WARN_UNINITIALIZED_AUTOS = YES_AGGRESSIVE;
				GCC_WARN_UNUSED_FUNCTION = YES;
				GCC_WARN_UNUSED_VARIABLE = YES;
				IPHONEOS_DEPLOYMENT_TARGET = 9.3;
				MTL_ENABLE_DEBUG_INFO = NO;
				SDKROOT = iphoneos;
				VALIDATE_PRODUCT = YES;
			};
			name = Release;
		};
		1419997D1D7D68270029032F /* Debug */ = {
			isa = XCBuildConfiguration;
			buildSettings = {
				ASSETCATALOG_COMPILER_APPICON_NAME = AppIcon;
				ASSETCATALOG_COMPILER_LAUNCHIMAGE_NAME = "";
				CODE_SIGN_IDENTITY = "iPhone Developer: Mu Yang (Z54WT4UBJV)";
				DEVELOPMENT_TEAM = F4LXZEHY23;
				ENABLE_BITCODE = NO;
				FRAMEWORK_SEARCH_PATHS = "";
				HEADER_SEARCH_PATHS = "";
				INFOPLIST_FILE = FaceppDemo/Info.plist;
				IPHONEOS_DEPLOYMENT_TARGET = 8.0;
				LD_RUNPATH_SEARCH_PATHS = "$(inherited) @executable_path/Frameworks";
				LIBRARY_SEARCH_PATHS = (
					"$(inherited)",
					"$(PROJECT_DIR)/MGFaceppSDK",
				);
				PRODUCT_BUNDLE_IDENTIFIER = com.megvii.awesomedemo.facepp;
				PRODUCT_NAME = FaceppDemo;
				PROVISIONING_PROFILE = "aa2b8f25-b101-4b18-bf0a-115db1a8bfd8";
				PROVISIONING_PROFILE_SPECIFIER = Megvii_wildcard;
				TARGETED_DEVICE_FAMILY = 1;
				USER_HEADER_SEARCH_PATHS = "";
			};
			name = Debug;
		};
		1419997E1D7D68270029032F /* Release */ = {
			isa = XCBuildConfiguration;
			buildSettings = {
				ASSETCATALOG_COMPILER_APPICON_NAME = AppIcon;
				ASSETCATALOG_COMPILER_LAUNCHIMAGE_NAME = "";
				CODE_SIGN_IDENTITY = "iPhone Distribution: Beijing Megvii Co., Ltd.";
				DEVELOPMENT_TEAM = F4LXZEHY23;
				ENABLE_BITCODE = NO;
				FRAMEWORK_SEARCH_PATHS = "";
				HEADER_SEARCH_PATHS = "";
				INFOPLIST_FILE = FaceppDemo/Info.plist;
				IPHONEOS_DEPLOYMENT_TARGET = 8.0;
				LD_RUNPATH_SEARCH_PATHS = "$(inherited) @executable_path/Frameworks";
				LIBRARY_SEARCH_PATHS = (
					"$(inherited)",
					"$(PROJECT_DIR)/MGFaceppSDK",
				);
				PRODUCT_BUNDLE_IDENTIFIER = com.megvii.awesomedemo.facepp;
				PRODUCT_NAME = FaceppDemo;
				PROVISIONING_PROFILE = "371dd0af-e542-4120-9ee7-d0bd9b22a8b5";
				PROVISIONING_PROFILE_SPECIFIER = "Megvii InHouse Wildcard";
				TARGETED_DEVICE_FAMILY = 1;
				USER_HEADER_SEARCH_PATHS = "";
			};
			name = Release;
		};
/* End XCBuildConfiguration section */

/* Begin XCConfigurationList section */
		141999601D7D68270029032F /* Build configuration list for PBXProject "FaceppDemo" */ = {
			isa = XCConfigurationList;
			buildConfigurations = (
				1419997A1D7D68270029032F /* Debug */,
				1419997B1D7D68270029032F /* Release */,
			);
			defaultConfigurationIsVisible = 0;
			defaultConfigurationName = Release;
		};
		1419997C1D7D68270029032F /* Build configuration list for PBXNativeTarget "FaceppDemo" */ = {
			isa = XCConfigurationList;
			buildConfigurations = (
				1419997D1D7D68270029032F /* Debug */,
				1419997E1D7D68270029032F /* Release */,
			);
			defaultConfigurationIsVisible = 0;
			defaultConfigurationName = Release;
		};
/* End XCConfigurationList section */
	};
	rootObject = 1419995D1D7D68270029032F /* Project object */;
}
